
Microsoft Visual Studio Solution File, Format Version 12.00
# Visual Studio Version 17
VisualStudioVersion = 17.2.32602.215
MinimumVisualStudioVersion = 10.0.40219.1
Project("{FAE04EC0-301F-11D3-BF4B-00C04F79EFBC}") = "App2.Android", "App2\App2.Android\App2.Android.csproj", "{6BD7A81A-933E-4360-9901-266F4DD789D3}"
EndProject
Project("{FAE04EC0-301F-11D3-BF4B-00C04F79EFBC}") = "App2.iOS", "App2\App2.iOS\App2.iOS.csproj", "{0BFB0EFF-CB7B-4D7E-9CFE-B94833AA7062}"
EndProject
Project("{FAE04EC0-301F-11D3-BF4B-00C04F79EFBC}") = "App2", "App2\App2\App2.csproj", "{712D6FF7-AF60-4D42-B05F-237F69CCCC58}"
EndProject
Global
	GlobalSection(SolutionConfigurationPlatforms) = preSolution
		Debug|Any CPU = Debug|Any CPU
		Debug|iPhone = Debug|iPhone
		Debug|iPhoneSimulator = Debug|iPhoneSimulator
		Release|Any CPU = Release|Any CPU
		Release|iPhone = Release|iPhone
		Release|iPhoneSimulator = Release|iPhoneSimulator
	EndGlobalSection
	GlobalSection(ProjectConfigurationPlatforms) = postSolution
		{6BD7A81A-933E-4360-9901-266F4DD789D3}.Debug|Any CPU.ActiveCfg = Debug|Any CPU
		{6BD7A81A-933E-4360-9901-266F4DD789D3}.Debug|Any CPU.Build.0 = Debug|Any CPU
		{6BD7A81A-933E-4360-9901-266F4DD789D3}.Debug|Any CPU.Deploy.0 = Debug|Any CPU
		{6BD7A81A-933E-4360-9901-266F4DD789D3}.Debug|iPhone.ActiveCfg = Debug|Any CPU
		{6BD7A81A-933E-4360-9901-266F4DD789D3}.Debug|iPhone.Build.0 = Debug|Any CPU
		{6BD7A81A-933E-4360-9901-266F4DD789D3}.Debug|iPhone.Deploy.0 = Debug|Any CPU
		{6BD7A81A-933E-4360-9901-266F4DD789D3}.Debug|iPhoneSimulator.ActiveCfg = Debug|Any CPU
		{6BD7A81A-933E-4360-9901-266F4DD789D3}.Debug|iPhoneSimulator.Build.0 = Debug|Any CPU
		{6BD7A81A-933E-4360-9901-266F4DD789D3}.Debug|iPhoneSimulator.Deploy.0 = Debug|Any CPU
		{6BD7A81A-933E-4360-9901-266F4DD789D3}.Release|Any CPU.ActiveCfg = Release|Any CPU
		{6BD7A81A-933E-4360-9901-266F4DD789D3}.Release|Any CPU.Build.0 = Release|Any CPU
		{6BD7A81A-933E-4360-9901-266F4DD789D3}.Release|Any CPU.Deploy.0 = Release|Any CPU
		{6BD7A81A-933E-4360-9901-266F4DD789D3}.Release|iPhone.ActiveCfg = Release|Any CPU
		{6BD7A81A-933E-4360-9901-266F4DD789D3}.Release|iPhone.Build.0 = Release|Any CPU
		{6BD7A81A-933E-4360-9901-266F4DD789D3}.Release|iPhone.Deploy.0 = Release|Any CPU
		{6BD7A81A-933E-4360-9901-266F4DD789D3}.Release|iPhoneSimulator.ActiveCfg = Release|Any CPU
		{6BD7A81A-933E-4360-9901-266F4DD789D3}.Release|iPhoneSimulator.Build.0 = Release|Any CPU
		{6BD7A81A-933E-4360-9901-266F4DD789D3}.Release|iPhoneSimulator.Deploy.0 = Release|Any CPU
		{0BFB0EFF-CB7B-4D7E-9CFE-B94833AA7062}.Debug|Any CPU.ActiveCfg = Debug|iPhone
		{0BFB0EFF-CB7B-4D7E-9CFE-B94833AA7062}.Debug|Any CPU.Build.0 = Debug|iPhone
		{0BFB0EFF-CB7B-4D7E-9CFE-B94833AA7062}.Debug|Any CPU.Deploy.0 = Debug|iPhone
		{0BFB0EFF-CB7B-4D7E-9CFE-B94833AA7062}.Debug|iPhone.ActiveCfg = Debug|iPhone
		{0BFB0EFF-CB7B-4D7E-9CFE-B94833AA7062}.Debug|iPhone.Build.0 = Debug|iPhone
		{0BFB0EFF-CB7B-4D7E-9CFE-B94833AA7062}.Debug|iPhone.Deploy.0 = Debug|iPhone
		{0BFB0EFF-CB7B-4D7E-9CFE-B94833AA7062}.Debug|iPhoneSimulator.ActiveCfg = Debug|iPhoneSimulator
		{0BFB0EFF-CB7B-4D7E-9CFE-B94833AA7062}.Debug|iPhoneSimulator.Build.0 = Debug|iPhoneSimulator
		{0BFB0EFF-CB7B-4D7E-9CFE-B94833AA7062}.Debug|iPhoneSimulator.Deploy.0 = Debug|iPhoneSimulator
		{0BFB0EFF-CB7B-4D7E-9CFE-B94833AA7062}.Release|Any CPU.ActiveCfg = Release|iPhoneSimulator
		{0BFB0EFF-CB7B-4D7E-9CFE-B94833AA7062}.Release|Any CPU.Build.0 = Release|iPhoneSimulator
		{0BFB0EFF-CB7B-4D7E-9CFE-B94833AA7062}.Release|Any CPU.Deploy.0 = Release|iPhoneSimulator
		{0BFB0EFF-CB7B-4D7E-9CFE-B94833AA7062}.Release|iPhone.ActiveCfg = Release|iPhone
		{0BFB0EFF-CB7B-4D7E-9CFE-B94833AA7062}.Release|iPhone.Build.0 = Release|iPhone
		{0BFB0EFF-CB7B-4D7E-9CFE-B94833AA7062}.Release|iPhone.Deploy.0 = Release|iPhone
		{0BFB0EFF-CB7B-4D7E-9CFE-B94833AA7062}.Release|iPhoneSimulator.ActiveCfg = Release|iPhoneSimulator
		{0BFB0EFF-CB7B-4D7E-9CFE-B94833AA7062}.Release|iPhoneSimulator.Build.0 = Release|iPhoneSimulator
		{0BFB0EFF-CB7B-4D7E-9CFE-B94833AA7062}.Release|iPhoneSimulator.Deploy.0 = Release|iPhoneSimulator
		{712D6FF7-AF60-4D42-B05F-237F69CCCC58}.Debug|Any CPU.ActiveCfg = Debug|Any CPU
		{712D6FF7-AF60-4D42-B05F-237F69CCCC58}.Debug|Any CPU.Build.0 = Debug|Any CPU
		{712D6FF7-AF60-4D42-B05F-237F69CCCC58}.Debug|Any CPU.Deploy.0 = Debug|Any CPU
		{712D6FF7-AF60-4D42-B05F-237F69CCCC58}.Debug|iPhone.ActiveCfg = Debug|Any CPU
		{712D6FF7-AF60-4D42-B05F-237F69CCCC58}.Debug|iPhone.Build.0 = Debug|Any CPU
		{712D6FF7-AF60-4D42-B05F-237F69CCCC58}.Debug|iPhone.Deploy.0 = Debug|Any CPU
		{712D6FF7-AF60-4D42-B05F-237F69CCCC58}.Debug|iPhoneSimulator.ActiveCfg = Debug|Any CPU
		{712D6FF7-AF60-4D42-B05F-237F69CCCC58}.Debug|iPhoneSimulator.Build.0 = Debug|Any CPU
		{712D6FF7-AF60-4D42-B05F-237F69CCCC58}.Debug|iPhoneSimulator.Deploy.0 = Debug|Any CPU
		{712D6FF7-AF60-4D42-B05F-237F69CCCC58}.Release|Any CPU.ActiveCfg = Release|Any CPU
		{712D6FF7-AF60-4D42-B05F-237F69CCCC58}.Release|Any CPU.Build.0 = Release|Any CPU
		{712D6FF7-AF60-4D42-B05F-237F69CCCC58}.Release|Any CPU.Deploy.0 = Release|Any CPU
		{712D6FF7-AF60-4D42-B05F-237F69CCCC58}.Release|iPhone.ActiveCfg = Release|Any CPU
		{712D6FF7-AF60-4D42-B05F-237F69CCCC58}.Release|iPhone.Build.0 = Release|Any CPU
		{712D6FF7-AF60-4D42-B05F-237F69CCCC58}.Release|iPhone.Deploy.0 = Release|Any CPU
		{712D6FF7-AF60-4D42-B05F-237F69CCCC58}.Release|iPhoneSimulator.ActiveCfg = Release|Any CPU
		{712D6FF7-AF60-4D42-B05F-237F69CCCC58}.Release|iPhoneSimulator.Build.0 = Release|Any CPU
		{712D6FF7-AF60-4D42-B05F-237F69CCCC58}.Release|iPhoneSimulator.Deploy.0 = Release|Any CPU
	EndGlobalSection
	GlobalSection(SolutionProperties) = preSolution
		HideSolutionNode = FALSE
	EndGlobalSection
	GlobalSection(ExtensibilityGlobals) = postSolution
		SolutionGuid = {9C6EE973-D484-4CAB-AD23-7E807EBF3806}
	EndGlobalSection
EndGlobal
